
Microsoft Visual Studio Solution File, Format Version 12.00
# Visual Studio Version 18
VisualStudioVersion = 18.5.11716.220
MinimumVisualStudioVersion = 10.0.40219.1
Project("{FAE04EC0-301F-11D3-BF4B-00C04F79EFBC}") = "Expressium.LivingDoc", "Expressium.LivingDoc\Expressium.LivingDoc.csproj", "{9B1D865A-9FAC-C016-A091-B3DD5C1E4523}"
EndProject
Project("{FAE04EC0-301F-11D3-BF4B-00C04F79EFBC}") = "Expressium.LivingDoc.UITests", "Expressium.LivingDoc.UITests\Expressium.LivingDoc.UITests.csproj", "{A9E9A13B-9FFE-FA71-C20D-3550860E4796}"
EndProject
Project("{FAE04EC0-301F-11D3-BF4B-00C04F79EFBC}") = "Expressium.LivingDoc.UnitTests", "Expressium.LivingDoc.UnitTests\Expressium.LivingDoc.UnitTests.csproj", "{B09DC853-EE41-9B87-2092-D4454A0EEFB2}"
EndProject
Project("{FAE04EC0-301F-11D3-BF4B-00C04F79EFBC}") = "Expressium.LivingDoc.ReqnrollPlugin", "Expressium.LivingDoc.ReqnrollPlugin\Expressium.LivingDoc.ReqnrollPlugin.csproj", "{4BD1C360-AFC3-448A-A7C9-004A52EC64A5}"
EndProject
Project("{FAE04EC0-301F-11D3-BF4B-00C04F79EFBC}") = "Expressium.LivingDoc.Cli", "Expressium.LivingDoc.Cli\Expressium.LivingDoc.Cli.csproj", "{29EAD95F-49AE-450E-BF07-CEDD3FADCF29}"
EndProject
Project("{FAE04EC0-301F-11D3-BF4B-00C04F79EFBC}") = "Expressium.LivingDoc.Net472Tests", "Expressium.LivingDoc.Net472Tests\Expressium.LivingDoc.Net472Tests.csproj", "{2A662F86-3931-4464-BCEF-5823479BA3A2}"
EndProject
Project("{FAE04EC0-301F-11D3-BF4B-00C04F79EFBC}") = "Expressium.LivingDoc.ReqnrollCompatibilityTests", "Expressium.LivingDoc.ReqnrollCompatibilityTests\Expressium.LivingDoc.ReqnrollCompatibilityTests.csproj", "{E4671F40-7871-41B3-805E-2A128FBCBB27}"
EndProject
Global
	GlobalSection(SolutionConfigurationPlatforms) = preSolution
		Debug|Any CPU = Debug|Any CPU
		Debug|x64 = Debug|x64
		Debug|x86 = Debug|x86
		Release|Any CPU = Release|Any CPU
		Release|x64 = Release|x64
		Release|x86 = Release|x86
	EndGlobalSection
	GlobalSection(ProjectConfigurationPlatforms) = postSolution
		{9B1D865A-9FAC-C016-A091-B3DD5C1E4523}.Debug|Any CPU.ActiveCfg = Debug|Any CPU
		{9B1D865A-9FAC-C016-A091-B3DD5C1E4523}.Debug|Any CPU.Build.0 = Debug|Any CPU
		{9B1D865A-9FAC-C016-A091-B3DD5C1E4523}.Debug|x64.ActiveCfg = Debug|Any CPU
		{9B1D865A-9FAC-C016-A091-B3DD5C1E4523}.Debug|x64.Build.0 = Debug|Any CPU
		{9B1D865A-9FAC-C016-A091-B3DD5C1E4523}.Debug|x86.ActiveCfg = Debug|Any CPU
		{9B1D865A-9FAC-C016-A091-B3DD5C1E4523}.Debug|x86.Build.0 = Debug|Any CPU
		{9B1D865A-9FAC-C016-A091-B3DD5C1E4523}.Release|Any CPU.ActiveCfg = Release|Any CPU
		{9B1D865A-9FAC-C016-A091-B3DD5C1E4523}.Release|Any CPU.Build.0 = Release|Any CPU
		{9B1D865A-9FAC-C016-A091-B3DD5C1E4523}.Release|x64.ActiveCfg = Release|Any CPU
		{9B1D865A-9FAC-C016-A091-B3DD5C1E4523}.Release|x64.Build.0 = Release|Any CPU
		{9B1D865A-9FAC-C016-A091-B3DD5C1E4523}.Release|x86.ActiveCfg = Release|Any CPU
		{9B1D865A-9FAC-C016-A091-B3DD5C1E4523}.Release|x86.Build.0 = Release|Any CPU
		{A9E9A13B-9FFE-FA71-C20D-3550860E4796}.Debug|Any CPU.ActiveCfg = Debug|Any CPU
		{A9E9A13B-9FFE-FA71-C20D-3550860E4796}.Debug|Any CPU.Build.0 = Debug|Any CPU
		{A9E9A13B-9FFE-FA71-C20D-3550860E4796}.Debug|x64.ActiveCfg = Debug|Any CPU
		{A9E9A13B-9FFE-FA71-C20D-3550860E4796}.Debug|x64.Build.0 = Debug|Any CPU
		{A9E9A13B-9FFE-FA71-C20D-3550860E4796}.Debug|x86.ActiveCfg = Debug|Any CPU
		{A9E9A13B-9FFE-FA71-C20D-3550860E4796}.Debug|x86.Build.0 = Debug|Any CPU
		{A9E9A13B-9FFE-FA71-C20D-3550860E4796}.Release|Any CPU.ActiveCfg = Release|Any CPU
		{A9E9A13B-9FFE-FA71-C20D-3550860E4796}.Release|Any CPU.Build.0 = Release|Any CPU
		{A9E9A13B-9FFE-FA71-C20D-3550860E4796}.Release|x64.ActiveCfg = Release|Any CPU
		{A9E9A13B-9FFE-FA71-C20D-3550860E4796}.Release|x64.Build.0 = Release|Any CPU
		{A9E9A13B-9FFE-FA71-C20D-3550860E4796}.Release|x86.ActiveCfg = Release|Any CPU
		{A9E9A13B-9FFE-FA71-C20D-3550860E4796}.Release|x86.Build.0 = Release|Any CPU
		{B09DC853-EE41-9B87-2092-D4454A0EEFB2}.Debug|Any CPU.ActiveCfg = Debug|Any CPU
		{B09DC853-EE41-9B87-2092-D4454A0EEFB2}.Debug|Any CPU.Build.0 = Debug|Any CPU
		{B09DC853-EE41-9B87-2092-D4454A0EEFB2}.Debug|x64.ActiveCfg = Debug|Any CPU
		{B09DC853-EE41-9B87-2092-D4454A0EEFB2}.Debug|x64.Build.0 = Debug|Any CPU
		{B09DC853-EE41-9B87-2092-D4454A0EEFB2}.Debug|x86.ActiveCfg = Debug|Any CPU
		{B09DC853-EE41-9B87-2092-D4454A0EEFB2}.Debug|x86.Build.0 = Debug|Any CPU
		{B09DC853-EE41-9B87-2092-D4454A0EEFB2}.Release|Any CPU.ActiveCfg = Release|Any CPU
		{B09DC853-EE41-9B87-2092-D4454A0EEFB2}.Release|Any CPU.Build.0 = Release|Any CPU
		{B09DC853-EE41-9B87-2092-D4454A0EEFB2}.Release|x64.ActiveCfg = Release|Any CPU
		{B09DC853-EE41-9B87-2092-D4454A0EEFB2}.Release|x64.Build.0 = Release|Any CPU
		{B09DC853-EE41-9B87-2092-D4454A0EEFB2}.Release|x86.ActiveCfg = Release|Any CPU
		{B09DC853-EE41-9B87-2092-D4454A0EEFB2}.Release|x86.Build.0 = Release|Any CPU
		{4BD1C360-AFC3-448A-A7C9-004A52EC64A5}.Debug|Any CPU.ActiveCfg = Debug|Any CPU
		{4BD1C360-AFC3-448A-A7C9-004A52EC64A5}.Debug|Any CPU.Build.0 = Debug|Any CPU
		{4BD1C360-AFC3-448A-A7C9-004A52EC64A5}.Debug|x64.ActiveCfg = Debug|Any CPU
		{4BD1C360-AFC3-448A-A7C9-004A52EC64A5}.Debug|x64.Build.0 = Debug|Any CPU
		{4BD1C360-AFC3-448A-A7C9-004A52EC64A5}.Debug|x86.ActiveCfg = Debug|Any CPU
		{4BD1C360-AFC3-448A-A7C9-004A52EC64A5}.Debug|x86.Build.0 = Debug|Any CPU
		{4BD1C360-AFC3-448A-A7C9-004A52EC64A5}.Release|Any CPU.ActiveCfg = Release|Any CPU
		{4BD1C360-AFC3-448A-A7C9-004A52EC64A5}.Release|Any CPU.Build.0 = Release|Any CPU
		{4BD1C360-AFC3-448A-A7C9-004A52EC64A5}.Release|x64.ActiveCfg = Release|Any CPU
		{4BD1C360-AFC3-448A-A7C9-004A52EC64A5}.Release|x64.Build.0 = Release|Any CPU
		{4BD1C360-AFC3-448A-A7C9-004A52EC64A5}.Release|x86.ActiveCfg = Release|Any CPU
		{4BD1C360-AFC3-448A-A7C9-004A52EC64A5}.Release|x86.Build.0 = Release|Any CPU
		{29EAD95F-49AE-450E-BF07-CEDD3FADCF29}.Debug|Any CPU.ActiveCfg = Debug|Any CPU
		{29EAD95F-49AE-450E-BF07-CEDD3FADCF29}.Debug|Any CPU.Build.0 = Debug|Any CPU
		{29EAD95F-49AE-450E-BF07-CEDD3FADCF29}.Debug|x64.ActiveCfg = Debug|Any CPU
		{29EAD95F-49AE-450E-BF07-CEDD3FADCF29}.Debug|x64.Build.0 = Debug|Any CPU
		{29EAD95F-49AE-450E-BF07-CEDD3FADCF29}.Debug|x86.ActiveCfg = Debug|Any CPU
		{29EAD95F-49AE-450E-BF07-CEDD3FADCF29}.Debug|x86.Build.0 = Debug|Any CPU
		{29EAD95F-49AE-450E-BF07-CEDD3FADCF29}.Release|Any CPU.ActiveCfg = Release|Any CPU
		{29EAD95F-49AE-450E-BF07-CEDD3FADCF29}.Release|Any CPU.Build.0 = Release|Any CPU
		{29EAD95F-49AE-450E-BF07-CEDD3FADCF29}.Release|x64.ActiveCfg = Release|Any CPU
		{29EAD95F-49AE-450E-BF07-CEDD3FADCF29}.Release|x64.Build.0 = Release|Any CPU
		{29EAD95F-49AE-450E-BF07-CEDD3FADCF29}.Release|x86.ActiveCfg = Release|Any CPU
		{29EAD95F-49AE-450E-BF07-CEDD3FADCF29}.Release|x86.Build.0 = Release|Any CPU
		{2A662F86-3931-4464-BCEF-5823479BA3A2}.Debug|Any CPU.ActiveCfg = Debug|Any CPU
		{2A662F86-3931-4464-BCEF-5823479BA3A2}.Debug|Any CPU.Build.0 = Debug|Any CPU
		{2A662F86-3931-4464-BCEF-5823479BA3A2}.Debug|x64.ActiveCfg = Debug|Any CPU
		{2A662F86-3931-4464-BCEF-5823479BA3A2}.Debug|x64.Build.0 = Debug|Any CPU
		{2A662F86-3931-4464-BCEF-5823479BA3A2}.Debug|x86.ActiveCfg = Debug|Any CPU
		{2A662F86-3931-4464-BCEF-5823479BA3A2}.Debug|x86.Build.0 = Debug|Any CPU
		{2A662F86-3931-4464-BCEF-5823479BA3A2}.Release|Any CPU.ActiveCfg = Release|Any CPU
		{2A662F86-3931-4464-BCEF-5823479BA3A2}.Release|Any CPU.Build.0 = Release|Any CPU
		{2A662F86-3931-4464-BCEF-5823479BA3A2}.Release|x64.ActiveCfg = Release|Any CPU
		{2A662F86-3931-4464-BCEF-5823479BA3A2}.Release|x64.Build.0 = Release|Any CPU
		{2A662F86-3931-4464-BCEF-5823479BA3A2}.Release|x86.ActiveCfg = Release|Any CPU
		{2A662F86-3931-4464-BCEF-5823479BA3A2}.Release|x86.Build.0 = Release|Any CPU
		{E4671F40-7871-41B3-805E-2A128FBCBB27}.Debug|Any CPU.ActiveCfg = Debug|Any CPU
		{E4671F40-7871-41B3-805E-2A128FBCBB27}.Debug|Any CPU.Build.0 = Debug|Any CPU
		{E4671F40-7871-41B3-805E-2A128FBCBB27}.Debug|x64.ActiveCfg = Debug|Any CPU
		{E4671F40-7871-41B3-805E-2A128FBCBB27}.Debug|x64.Build.0 = Debug|Any CPU
		{E4671F40-7871-41B3-805E-2A128FBCBB27}.Debug|x86.ActiveCfg = Debug|Any CPU
		{E4671F40-7871-41B3-805E-2A128FBCBB27}.Debug|x86.Build.0 = Debug|Any CPU
		{E4671F40-7871-41B3-805E-2A128FBCBB27}.Release|Any CPU.ActiveCfg = Release|Any CPU
		{E4671F40-7871-41B3-805E-2A128FBCBB27}.Release|Any CPU.Build.0 = Release|Any CPU
		{E4671F40-7871-41B3-805E-2A128FBCBB27}.Release|x64.ActiveCfg = Release|Any CPU
		{E4671F40-7871-41B3-805E-2A128FBCBB27}.Release|x64.Build.0 = Release|Any CPU
		{E4671F40-7871-41B3-805E-2A128FBCBB27}.Release|x86.ActiveCfg = Release|Any CPU
		{E4671F40-7871-41B3-805E-2A128FBCBB27}.Release|x86.Build.0 = Release|Any CPU
	EndGlobalSection
	GlobalSection(SolutionProperties) = preSolution
		HideSolutionNode = FALSE
	EndGlobalSection
	GlobalSection(ExtensibilityGlobals) = postSolution
		SolutionGuid = {9C26B8E6-0C69-4157-8F92-A3D8D201F625}
	EndGlobalSection
EndGlobal
